{
  "name": "SWP-BIRD-CAGE",
  "lockfileVersion": 3,
  "requires": true,
  "packages": {
    "": {
      "dependencies": {
        "react-elastic-carousel": "^0.11.5",
        "react-images-uploading": "^3.1.7"
      }
    },
    "node_modules/classnames": {
      "version": "2.3.2",
      "resolved": "https://registry.npmjs.org/classnames/-/classnames-2.3.2.tgz",
      "integrity": "sha512-CSbhY4cFEJRe6/GQzIk5qXZ4Jeg5pcsP7b5peFSDpffpe1cqjASH/n9UTjBwOp6XpMSTwQ8Za2K5V02ueA7Tmw=="
    },
    "node_modules/js-tokens": {
      "version": "4.0.0",
      "resolved": "https://registry.npmjs.org/js-tokens/-/js-tokens-4.0.0.tgz",
      "integrity": "sha512-RdJUflcE3cUzKiMqQgsCu06FPu9UdIJO0beYbPhHN4k6apgJtifcoCtT9bcxOpYBtpD2kCM6Sbzg4CausW/PKQ=="
    },
    "node_modules/loose-envify": {
      "version": "1.4.0",
      "resolved": "https://registry.npmjs.org/loose-envify/-/loose-envify-1.4.0.tgz",
      "integrity": "sha512-lyuxPGr/Wfhrlem2CL/UcnUc1zcqKAImBDzukY7Y5F/yQiNdko6+fRLevlw1HgMySw7f611UIY408EtxRSoK3Q==",
      "dependencies": {
        "js-tokens": "^3.0.0 || ^4.0.0"
      },
      "bin": {
        "loose-envify": "cli.js"
      }
    },
    "node_modules/object-assign": {
      "version": "4.1.1",
      "resolved": "https://registry.npmjs.org/object-assign/-/object-assign-4.1.1.tgz",
      "integrity": "sha512-rJgTQnkUnH1sFw8yT6VSU3zD3sWmu6sZhIseY8VX+GRu3P6F7Fu+JNDoXfklElbLJSnc3FUQHVe4cU5hj+BcUg==",
      "engines": {
        "node": ">=0.10.0"
      }
    },
    "node_modules/prop-types": {
      "version": "15.8.1",
      "resolved": "https://registry.npmjs.org/prop-types/-/prop-types-15.8.1.tgz",
      "integrity": "sha512-oj87CgZICdulUohogVAR7AjlC0327U4el4L6eAvOqCeudMDVU0NThNaV+b9Df4dXgSP1gXMTnPdhfe/2qDH5cg==",
      "dependencies": {
        "loose-envify": "^1.4.0",
        "object-assign": "^4.1.1",
        "react-is": "^16.13.1"
      }
    },
    "node_modules/react-elastic-carousel": {
      "version": "0.11.5",
      "resolved": "https://registry.npmjs.org/react-elastic-carousel/-/react-elastic-carousel-0.11.5.tgz",
      "integrity": "sha512-//k1IWUiUNXXNE8LHw4bLdP+8YCXLQHbeSOPiZo/+sTkUBp/YB/hjGKWH4RqSJ59AjF8PoxB+SUbqhdPTcwAuw==",
      "dependencies": {
        "classnames": "^2.2.6",
        "react-only-when": "^1.0.2",
        "react-swipeable": "^5.5.1",
        "resize-observer-polyfill": "1.5.0"
      },
      "engines": {
        "node": ">=8",
        "npm": ">=5"
      },
      "peerDependencies": {
        "prop-types": "^15.5.4",
        "react": "15 - 17",
        "react-dom": "15 - 17",
        "styled-components": "^5.1.0"
      }
    },
    "node_modules/react-images-uploading": {
      "version": "3.1.7",
      "resolved": "https://registry.npmjs.org/react-images-uploading/-/react-images-uploading-3.1.7.tgz",
      "integrity": "sha512-woET50eCezm645iIeP4gCoN7HjdR3T64UXC5l53yd+2vHFp+pwABH8Z/aAO5IXDeC1aP6doQ+K738L701zswAw==",
      "engines": {
        "node": ">=8",
        "npm": ">=5"
      },
      "peerDependencies": {
        "react": ">=16.8.0",
        "react-dom": ">=16.8.0"
      }
    },
    "node_modules/react-is": {
      "version": "16.13.1",
      "resolved": "https://registry.npmjs.org/react-is/-/react-is-16.13.1.tgz",
      "integrity": "sha512-24e6ynE2H+OKt4kqsOvNd8kBpV65zoxbA4BVsEOB3ARVWQki/DHzaUoC5KuON/BiccDaCCTZBuOcfZs70kR8bQ=="
    },
    "node_modules/react-only-when": {
      "version": "1.0.2",
      "resolved": "https://registry.npmjs.org/react-only-when/-/react-only-when-1.0.2.tgz",
      "integrity": "sha512-agE6l3L6bqaVuwNtjihTQ36M+VBfPS63KOzcNL4ZTmlwSxQPvhzIqmBWfiol0/wLYmKxCcBqgXkEJpvj5Kob8Q==",
      "engines": {
        "node": ">=8",
        "npm": ">=5"
      },
      "peerDependencies": {
        "prop-types": "^15.5.4",
        "react": "^15.0.0 || ^16.0.0",
        "react-dom": "^15.0.0 || ^16.0.0"
      }
    },
    "node_modules/react-swipeable": {
      "version": "5.5.1",
      "resolved": "https://registry.npmjs.org/react-swipeable/-/react-swipeable-5.5.1.tgz",
      "integrity": "sha512-EQObuU3Qg3JdX3WxOn5reZvOSCpU4fwpUAs+NlXSN3y+qtsO2r8VGkVnOQzmByt3BSYj9EWYdUOUfi7vaMdZZw==",
      "dependencies": {
        "prop-types": "^15.6.2"
      },
      "peerDependencies": {
        "react": "^16.0.0-0"
      }
    },
    "node_modules/resize-observer-polyfill": {
      "version": "1.5.0",
      "resolved": "https://registry.npmjs.org/resize-observer-polyfill/-/resize-observer-polyfill-1.5.0.tgz",
      "integrity": "sha512-M2AelyJDVR/oLnToJLtuDJRBBWUGUvvGigj1411hXhAdyFWqMaqHp7TixW3FpiLuVaikIcR1QL+zqoJoZlOgpg=="
    }
  }
}
